
Microsoft Visual Studio Solution File, Format Version 12.00
# Visual Studio Version 16
VisualStudioVersion = 16.0.32126.315
MinimumVisualStudioVersion = 10.0.40219.1
Project("{FAE04EC0-301F-11D3-BF4B-00C04F79EFBC}") = "BummlerUi", "BummlerUi\BummlerUi.csproj", "{1677CF92-FA91-4F20-9A39-3B91DEC2D6F3}"
EndProject
Global
	GlobalSection(SolutionConfigurationPlatforms) = preSolution
		Debug|Any CPU = Debug|Any CPU
		Release|Any CPU = Release|Any CPU
	EndGlobalSection
	GlobalSection(ProjectConfigurationPlatforms) = postSolution
		{1677CF92-FA91-4F20-9A39-3B91DEC2D6F3}.Debug|Any CPU.ActiveCfg = Debug|Any CPU
		{1677CF92-FA91-4F20-9A39-3B91DEC2D6F3}.Debug|Any CPU.Build.0 = Debug|Any CPU
		{1677CF92-FA91-4F20-9A39-3B91DEC2D6F3}.Release|Any CPU.ActiveCfg = Release|Any CPU
		{1677CF92-FA91-4F20-9A39-3B91DEC2D6F3}.Release|Any CPU.Build.0 = Release|Any CPU
	EndGlobalSection
	GlobalSection(SolutionProperties) = preSolution
		HideSolutionNode = FALSE
	EndGlobalSection
	GlobalSection(ExtensibilityGlobals) = postSolution
		SolutionGuid = {18C6000A-4FEA-43C3-9080-D2B7098B3EF0}
	EndGlobalSection
EndGlobal
