
Microsoft Visual Studio Solution File, Format Version 12.00
# Visual Studio Version 16
VisualStudioVersion = 16.0.32126.315
MinimumVisualStudioVersion = 10.0.40219.1
Project("{FAE04EC0-301F-11D3-BF4B-00C04F79EFBC}") = "EierfarmBl", "EierfarmBl\EierfarmBl.csproj", "{9465C9AF-AAB8-44A9-AC5C-1CACF4B8C858}"
EndProject
Project("{FAE04EC0-301F-11D3-BF4B-00C04F79EFBC}") = "EierfarmUi", "EierfarmUi\EierfarmUi.csproj", "{C8BF0AC8-A22C-4900-B007-A608E8DAC3EE}"
EndProject
Global
	GlobalSection(SolutionConfigurationPlatforms) = preSolution
		Debug|Any CPU = Debug|Any CPU
		Release|Any CPU = Release|Any CPU
	EndGlobalSection
	GlobalSection(ProjectConfigurationPlatforms) = postSolution
		{9465C9AF-AAB8-44A9-AC5C-1CACF4B8C858}.Debug|Any CPU.ActiveCfg = Debug|Any CPU
		{9465C9AF-AAB8-44A9-AC5C-1CACF4B8C858}.Debug|Any CPU.Build.0 = Debug|Any CPU
		{9465C9AF-AAB8-44A9-AC5C-1CACF4B8C858}.Release|Any CPU.ActiveCfg = Release|Any CPU
		{9465C9AF-AAB8-44A9-AC5C-1CACF4B8C858}.Release|Any CPU.Build.0 = Release|Any CPU
		{C8BF0AC8-A22C-4900-B007-A608E8DAC3EE}.Debug|Any CPU.ActiveCfg = Debug|Any CPU
		{C8BF0AC8-A22C-4900-B007-A608E8DAC3EE}.Debug|Any CPU.Build.0 = Debug|Any CPU
		{C8BF0AC8-A22C-4900-B007-A608E8DAC3EE}.Release|Any CPU.ActiveCfg = Release|Any CPU
		{C8BF0AC8-A22C-4900-B007-A608E8DAC3EE}.Release|Any CPU.Build.0 = Release|Any CPU
	EndGlobalSection
	GlobalSection(SolutionProperties) = preSolution
		HideSolutionNode = FALSE
	EndGlobalSection
	GlobalSection(ExtensibilityGlobals) = postSolution
		SolutionGuid = {6834CD05-3656-46B5-8F28-EF6D96F17B1A}
	EndGlobalSection
EndGlobal
